
Microsoft Visual Studio Solution File, Format Version 12.00
# Visual Studio Version 16
VisualStudioVersion = 16.0.29409.12
MinimumVisualStudioVersion = 10.0.40219.1
Project("{FAE04EC0-301F-11D3-BF4B-00C04F79EFBC}") = "QueueWithStacks", "QueueWithStacks\QueueWithStacks.csproj", "{A6F6CF4C-48BD-4BF9-9226-6F04D057A61C}"
EndProject
Global
	GlobalSection(SolutionConfigurationPlatforms) = preSolution
		Debug|Any CPU = Debug|Any CPU
		Release|Any CPU = Release|Any CPU
	EndGlobalSection
	GlobalSection(ProjectConfigurationPlatforms) = postSolution
		{A6F6CF4C-48BD-4BF9-9226-6F04D057A61C}.Debug|Any CPU.ActiveCfg = Debug|Any CPU
		{A6F6CF4C-48BD-4BF9-9226-6F04D057A61C}.Debug|Any CPU.Build.0 = Debug|Any CPU
		{A6F6CF4C-48BD-4BF9-9226-6F04D057A61C}.Release|Any CPU.ActiveCfg = Release|Any CPU
		{A6F6CF4C-48BD-4BF9-9226-6F04D057A61C}.Release|Any CPU.Build.0 = Release|Any CPU
	EndGlobalSection
	GlobalSection(SolutionProperties) = preSolution
		HideSolutionNode = FALSE
	EndGlobalSection
	GlobalSection(ExtensibilityGlobals) = postSolution
		SolutionGuid = {19AF6BFA-A925-48E4-B54B-E8A8D0E49E81}
	EndGlobalSection
EndGlobal
